
Microsoft Visual Studio Solution File, Format Version 12.00
# Visual Studio Version 17
VisualStudioVersion = 17.5.33502.453
MinimumVisualStudioVersion = 10.0.40219.1
Project("{FAE04EC0-301F-11D3-BF4B-00C04F79EFBC}") = "MultipleForms", "MultipleForms\MultipleForms.csproj", "{FCC7E330-1386-4C1A-96B3-5614623013EA}"
EndProject
Global
	GlobalSection(SolutionConfigurationPlatforms) = preSolution
		Debug|Any CPU = Debug|Any CPU
		Release|Any CPU = Release|Any CPU
	EndGlobalSection
	GlobalSection(ProjectConfigurationPlatforms) = postSolution
		{FCC7E330-1386-4C1A-96B3-5614623013EA}.Debug|Any CPU.ActiveCfg = Debug|Any CPU
		{FCC7E330-1386-4C1A-96B3-5614623013EA}.Debug|Any CPU.Build.0 = Debug|Any CPU
		{FCC7E330-1386-4C1A-96B3-5614623013EA}.Release|Any CPU.ActiveCfg = Release|Any CPU
		{FCC7E330-1386-4C1A-96B3-5614623013EA}.Release|Any CPU.Build.0 = Release|Any CPU
	EndGlobalSection
	GlobalSection(SolutionProperties) = preSolution
		HideSolutionNode = FALSE
	EndGlobalSection
	GlobalSection(ExtensibilityGlobals) = postSolution
		SolutionGuid = {17F0C3B4-0508-4BF2-B03B-EC9A3B6E271D}
	EndGlobalSection
EndGlobal
